{
  "version": 3,
  "mopsTomlDepsHash": "c9c0002627bc5e18811c2b80f5a2af5a3fbd3e012b374cf6cc1fc29b13304cf7",
  "deps": {
    "base": "0.14.13",
    "core": "1.0.0",
    "new-base": "0.4.0",
    "promtracker": "0.6.0"
  },
  "graph": {
    "base@0.14.13": {},
    "core@1.0.0": {},
    "new-base@0.4.0": {},
    "promtracker@0.6.0": {
      "base": "0.14.13",
      "new-base": "0.4.0"
    }
  },
  "hashes": {
    "base@0.14.13": {
      "base@0.14.13/LICENSE": "166bd8e8cf7790087d1fd18a9fa4d060cc0d0b3e5ab30689aa5f3a59a93386bf",
      "base@0.14.13/NOTICE": "3960a8d25fa5fc909325817b08b36c1146970930ca15b6352f8ea6db803cab47",
      "base@0.14.13/README.md": "f861762bc648759297be91a82981acfb2a160f9e1cfee063526b640b05a9c435",
      "base@0.14.13/mops.toml": "3943542c8033237d3cc376cc2cf19b44e6cfd8ea1a914fe2d7a36eb08a365624",
      "base@0.14.13/src/Array.mo": "146f75b681a7319556473df4ccce46dc4ba72d593838c8da3811210e255291c4",
      "base@0.14.13/src/AssocList.mo": "e2e123d96d907ada614435ecef9a223678db79f3b0a411d85e59d5c0a6566438",
      "base@0.14.13/src/Blob.mo": "61a48166c8bdc4cf1220fd11f645566699fa064a2b2aa8174388aae4eef6a532",
      "base@0.14.13/src/Bool.mo": "65faf01dc6e3609ed2f729b813811506951adcce71c081fc6edcdbae4c8b1169",
      "base@0.14.13/src/Buffer.mo": "fdb20bbec95107f48974c706ed3420be8507e3654fd9371036b7416b45821388",
      "base@0.14.13/src/CertifiedData.mo": "e2911a6cb533ba85ff345987d91ba92730a80ca9b6729c0b0ae1dd4631765e12",
      "base@0.14.13/src/Char.mo": "93d9e300a2a9ed72c8a1e50288b3af4cb2c6cdd31988f200dc167e3bbfe5824a",
      "base@0.14.13/src/Debug.mo": "ccccd690e0f61caac42cb75d9eb23fdbdae67053fbd8b33d47fa101dfc9af3e5",
      "base@0.14.13/src/Deque.mo": "47cac83b96adaf0d49a93f9766ed0844769b899a9b7982d46b4998157889abba",
      "base@0.14.13/src/Error.mo": "b64274e5a5dcfbf74a55ef8c2b969ff4cdd856656849ec2eb5b964c3d1ad1bf5",
      "base@0.14.13/src/ExperimentalCycles.mo": "2e905451f9e3bfb6982de5a49a2dfa3859c2bb7e0739557f93480debcab8ffef",
      "base@0.14.13/src/ExperimentalInternetComputer.mo": "9a665385f030b54c2086cebd42ae29262c00989059586242a84a4a4f6a06f1f4",
      "base@0.14.13/src/ExperimentalStableMemory.mo": "d28fb9f603fd9ebb406bc848590564b471c19cc082bbbc76c8487f0e7b211257",
      "base@0.14.13/src/Float.mo": "86d527bcc778e4520f14d47677fd24633b6a44125ec715a0368d718a1ee3d405",
      "base@0.14.13/src/Func.mo": "a1a6cfb5b1910916b610d00c05d2cc9b56a2b55ad55533583aa9e705cb82a4ed",
      "base@0.14.13/src/Hash.mo": "7546b8e08c410e705c9fb0329b3f893ca24dda72cc4ed8f2013d7c546e8beb5c",
      "base@0.14.13/src/HashMap.mo": "0de8c3ddafe0f73d62cbe2bec33d78b78e975cfc5df385d763e73d86cfe3a899",
      "base@0.14.13/src/Heap.mo": "e5c90141bda1375535f00c16b448a2328856f9673a1dc9688a2b11e3dfc8bed6",
      "base@0.14.13/src/Int.mo": "c04aeea43aeda1fde3007978589967429acc152cab3132af8ef0ca288416d97d",
      "base@0.14.13/src/Int16.mo": "51772524e6277db86d27a6b4bb2789145bd5ef72097fd7540a51eacb71fcba16",
      "base@0.14.13/src/Int32.mo": "b50026ebc57842f95a1455c865ca736eab14db54856b8810f3e8ae9227688d7f",
      "base@0.14.13/src/Int64.mo": "55558f9ffa00dd336a7658c3a34800dcea9730232ff3132ddf2b2ce507ec648f",
      "base@0.14.13/src/Int8.mo": "44e98af88ecef25ff557b130118277ac9f9bfa151699b0b42e61e7b155f2b243",
      "base@0.14.13/src/Iter.mo": "24e490f94569d708e1c979fb798feb200665bb973a29bb2cb9210148a77d2cb4",
      "base@0.14.13/src/IterType.mo": "53c840d79e7aa6eefd00552ad9ecca820f8f3be14e070c905df472893f7b4fbd",
      "base@0.14.13/src/List.mo": "961bed7fa13d0f3aa88189ceb51e5a7aeaa9b475d0857c941b2c4fec19a70656",
      "base@0.14.13/src/Nat.mo": "4180a4f92deafd7674a68427f0e250a1022c42942b435405e6f2459bce0b5536",
      "base@0.14.13/src/Nat16.mo": "787af029de5f2a5446b3c5b58ed5c07baaef2febf98d6e74c5422cac753d5d60",
      "base@0.14.13/src/Nat32.mo": "53b5530b7becc07bb4c0398cd805076d10a70cbb306a0b4ce628b9a755d068fd",
      "base@0.14.13/src/Nat64.mo": "1f5f430978ff0c27c2608e0d976573ad0864ddc8816714ddc9691141b4bed4bd",
      "base@0.14.13/src/Nat8.mo": "08db31b1cb511656df9fa50ad1ec0d42f256a6e14344896ad11b7ea1bc577b80",
      "base@0.14.13/src/None.mo": "6072c7d392b6e43c245912ed6a30f3f46f9268de5aa146848f1bf0fd5218af3e",
      "base@0.14.13/src/Option.mo": "8135b09bab4bd3a9536692cb09fbf170f3c4cbce01eea645ecbcd0368cdf834a",
      "base@0.14.13/src/Order.mo": "2d7c2f21b967e26cfb26441138779c44652476eb717fdb5ed8fb5397c54528f8",
      "base@0.14.13/src/OrderedMap.mo": "0a48d759795ee87f23df1f9d7280f9fc8c126852eacc82daf4e58e4c047b767d",
      "base@0.14.13/src/OrderedSet.mo": "cc9fb6ffad0d95b123c55c5f6b3493245852f031081901c13caf52df04411e6c",
      "base@0.14.13/src/Prelude.mo": "5a4636d33c6937279462c460e3bc1ececd14a80569a2a51fa55d3968f7bda553",
      "base@0.14.13/src/Principal.mo": "d82643351555e44690dfc10c16011b14010000431e63c30a1ec37265f5fc46d2",
      "base@0.14.13/src/RBTree.mo": "f9ad44d8bb82f55691eeef5f50b2e976d3c18e4399e950cbdcb59e91582622d7",
      "base@0.14.13/src/Random.mo": "4fffac74e85d64b2579647144ff2b40e358610ddeda23ebf9354eb1d98917803",
      "base@0.14.13/src/Region.mo": "8579f4296e26f29b565830301097d650699535131da663e1a8bca89432295754",
      "base@0.14.13/src/Result.mo": "9909afee7a1f066b25105469808c06c154611428a9a909bcf3089a501181fa5a",
      "base@0.14.13/src/Stack.mo": "992f6bd77d5ac3e4281a85a2ac96cfb04abb5b794bf8e9e08c3b558f516233f5",
      "base@0.14.13/src/Text.mo": "0abd4063229262cb2e3d658937ad000155a9eff1656412ddd9502a4d606c8cfa",
      "base@0.14.13/src/Time.mo": "4336ac0d6d9d8f516a1ba6794eb5e3577ecd3aa2aedabd09892dc7b8554b73f8",
      "base@0.14.13/src/Timer.mo": "ec1e126f05dc94a2e229dd3572b04e92e9265762d52d2c99ca8df8656e4f7788",
      "base@0.14.13/src/Trie.mo": "3ca67f2527afaf5e663bd7b227384d0b20d0ea0cfc7c532e5d95a625c0d0d6bb",
      "base@0.14.13/src/TrieMap.mo": "f09aab78476ffd158f8ab789e0692ad61aa9b1f4ac6ff3af30cdac5f5c30a7e4",
      "base@0.14.13/src/TrieSet.mo": "9c8c1821582b344de6f3910f417527ec0b565876eb2d9da09455af05117ed45a"
    },
    "core@1.0.0": {
      "core@1.0.0/LICENSE": "840e3d57a38a8061f55d04470fbd58b9345326fa04ea10ee42add5c6e3b2aa08",
      "core@1.0.0/NOTICE": "d62ca4ef9e2c9df064115c339013593cf0769e2b9dc78fa4b3211222541c7f83",
      "core@1.0.0/README.md": "184efbd57d9792ca0275a7a66caeb920181001e46e63aa7b70f180e001a2a838",
      "core@1.0.0/mops.toml": "e8e16f2bd5c257b4626c18276930283ac6c156ebc39619dae8da076f23fd1c5c",
      "core@1.0.0/src/Array.mo": "7cc453a2d20a3dae84c54f2c4a2db6db7b454f6fca0ba23e6440d324c2a68f3f",
      "core@1.0.0/src/Blob.mo": "58fe96119602151a6816db9817bfd3062526e15fac49c2a259fd2a5061266775",
      "core@1.0.0/src/Bool.mo": "a13590c559c53109e79ffff7de0506e59f1f93754ef2d0efa1df9baaf1751e95",
      "core@1.0.0/src/CertifiedData.mo": "5af3182d77ab7aab2384d1f663a8cd992bbd6652aacff29c443314cf2186328f",
      "core@1.0.0/src/Char.mo": "0d1146320d21048cd49663c9838b1a6ce7ec1add1ad256b51a1eac4bbe3f6be8",
      "core@1.0.0/src/Cycles.mo": "9f5c1fceea47f05c43f22a1c25e8753fb7e552e36106d27bceef24b1310f4cbc",
      "core@1.0.0/src/Debug.mo": "5c9398296ea0a913e2f356a3e169bb56df817248036aaa5c97507d29915143cf",
      "core@1.0.0/src/Error.mo": "fb53abc8de032fa421e327a7fb4880345b7b8e91bbb84d9183d2172b7a9ec773",
      "core@1.0.0/src/Float.mo": "20beea2c0d9039593cc28c638e289f42b3f5a9405b9a43c1fc76571cbb0e6f5d",
      "core@1.0.0/src/Func.mo": "c00d06b15e3376821020ceaaffae2a70bf206c672e746459ba1079adc6d1a619",
      "core@1.0.0/src/Int.mo": "17c36cc01d325ab430c372328abec9d9defa0e81e3c2de7613735ca9588597fc",
      "core@1.0.0/src/Int16.mo": "5102cbb40ff1ecdc005bdc96ded6ef3619aa840526d2b243c0463dbb758aa4a8",
      "core@1.0.0/src/Int32.mo": "6fb63738e2482ee6b361745a7c0b03f684cdfcfa578e1bae53a9e0df527f1f72",
      "core@1.0.0/src/Int64.mo": "05d49bb8a25ef1f49e8a164fd5a63cc03fd56c1bbb91f1b6d5096ba9bd9eb23a",
      "core@1.0.0/src/Int8.mo": "186de373b7857c3d6a6a3814285959e291088e8ae17de4a1bf2bd5e15490d511",
      "core@1.0.0/src/InternetComputer.mo": "20383755c98801e560c17f9aefd9b4eb00463ee598125de1b39f6ae6fc8c60c9",
      "core@1.0.0/src/Iter.mo": "6098e63365cabe82046fd0100f53b029cc2693a438d0a7aafc7e930c8bb986b2",
      "core@1.0.0/src/List.mo": "100853bf57dc4b350336695148b3a3ecfc12c75c52b165dcdafc1c05effac6fc",
      "core@1.0.0/src/Map.mo": "bcdb5a6bf2f9b8ba2078707d25155fdab8fc9b92b1d909e749acb8be068f9226",
      "core@1.0.0/src/Nat.mo": "6be73db65c25fed97cd6b37223fac6a7982e8f124651d522aa7999c40159db50",
      "core@1.0.0/src/Nat16.mo": "0f83fbbbd2c4b0c71e9465e67273464faf32f126e59f3417476d536ee7e2ebbc",
      "core@1.0.0/src/Nat32.mo": "e35fccf57b5a5aca880860481388c8d679b2289710a43d9acd5f77ed19984614",
      "core@1.0.0/src/Nat64.mo": "9d8454be0bf9b234f5a5d308a1afdc02bc770a9d0d587bc23f8fba392a21ead9",
      "core@1.0.0/src/Nat8.mo": "02c42e668f0fd95df5f864b4bbede58565a0a0395c6a04f6cb357f83090d245d",
      "core@1.0.0/src/Option.mo": "14e4f9d3332f778e0afa922e68852bf8fefcb885f1455770333867d120d64230",
      "core@1.0.0/src/Order.mo": "ebc93dd27cee7befd6e41794fb220f079dfb017145a76d77a225b2fcb3bbfd9e",
      "core@1.0.0/src/Principal.mo": "2d4ce9cee2fd21cfe2bf236260742d5b35ac4fafaef74204bd068d0ba691b3e5",
      "core@1.0.0/src/Queue.mo": "fef65d586af331551fd4602b4a462a891a5ebb7a2b57d0de51b32d4ee10d3fb2",
      "core@1.0.0/src/Random.mo": "0cb44f437d4e495ac5ae80da2518f5d3ba12fc8cf25a7ca2d8f25c536066dd80",
      "core@1.0.0/src/Region.mo": "c853ca2803d26f650e8e0cc0ba1b219664e7e0fdcea2a747f146f035dc5659dd",
      "core@1.0.0/src/Result.mo": "a3eed6fe0156ac5a10418c13397fab7bcbc803a95cfc12fdb4de159e97f5cc94",
      "core@1.0.0/src/Runtime.mo": "5ac1290bec77ab04ae51df5fdc56ab4c6850823ffcd18e4140dfcc1b5a66cce3",
      "core@1.0.0/src/Set.mo": "db592ed58c0a333fd50303cf71fb47adf2e0660e0b53364c49a2aef536380db3",
      "core@1.0.0/src/Stack.mo": "74a904d5d91a3c706c0dd0b73489719e74503510f2ff6fb6017dcf1c14d0ab44",
      "core@1.0.0/src/Text.mo": "3bd1923e902a08421f71fc6903a4492366d5ffb0206891143edae3b81fee6298",
      "core@1.0.0/src/Time.mo": "e08d502d5eb3ca0ab7b4cce7322404faf1c72bc2bed7d2ded5a46d6afd80fd39",
      "core@1.0.0/src/Timer.mo": "dee7c31d1d4fd29794da552a133bcb90fbd29e3ec004407d1d6a16f430ac8151",
      "core@1.0.0/src/Tuples.mo": "632c1d344d561df66c7092b13c9009e41f5c73d068f1ae13001ac55353c66376",
      "core@1.0.0/src/Types.mo": "fe8ea094b7444977d45cdd3c0a389143f0b84e0567051b6c50b69aac482d1105",
      "core@1.0.0/src/VarArray.mo": "2b1649549cf5a4c1c3a5e224b816b060bcb3f85999f9cbbe75db0ef369c2dff6",
      "core@1.0.0/src/internal/BTreeHelper.mo": "20a475baf18f924ee0297fc234469fa0985cdaa31c85ce002b5a921383b0534d",
      "core@1.0.0/src/internal/PRNG.mo": "8a93e87baa2b12f613c82394a4a05b425e44a695bbace4ca36f9a1f78be26442",
      "core@1.0.0/src/pure/List.mo": "e4a873f01cd5f923a43b7a4f86924f9348b9102a1b9e6831bfbd7032aa22a244",
      "core@1.0.0/src/pure/Map.mo": "33f63f1878f0474c6669363dde9ff6808ac992fa6353a7051b9a0c0cc7ee8f6c",
      "core@1.0.0/src/pure/Queue.mo": "f43869d27e7392074297afd7d271a282c461ee1eb69105b269751ca22070ccce",
      "core@1.0.0/src/pure/RealTimeQueue.mo": "6e1f9a60d862f0bd214c205f70c98313ebc741f63ab62d3292c0d92d871c100f",
      "core@1.0.0/src/pure/Set.mo": "b547cd545ef688f349cd974ccd5c9cfcb11bdc67e8f0ab7d87734ff0f95193c5"
    },
    "new-base@0.4.0": {
      "new-base@0.4.0/LICENSE": "840e3d57a38a8061f55d04470fbd58b9345326fa04ea10ee42add5c6e3b2aa08",
      "new-base@0.4.0/NOTICE": "d62ca4ef9e2c9df064115c339013593cf0769e2b9dc78fa4b3211222541c7f83",
      "new-base@0.4.0/README.md": "4b72b2f9f051dd0c2f189872d8a49bba19de400ebf8cc09807c82d4f1299249e",
      "new-base@0.4.0/mops.toml": "d91ebdbbc8a45a0916a848d342f9b4c79c5ed3e807ab8b5462922d94b072ee76",
      "new-base@0.4.0/src/Array.mo": "276c205a1406ae7d87277bd601f2d4cc58c74e923ea44bd240fec6fea67d8c6e",
      "new-base@0.4.0/src/Blob.mo": "ebe1344a6708850ab05b5a933b012c4ac60b787375ae9e74c9bc5282d06b3143",
      "new-base@0.4.0/src/Bool.mo": "cec8d5935813752a068926f3e526e9fd0fc3936b4ea0a838920fb4047c7d357b",
      "new-base@0.4.0/src/CertifiedData.mo": "5a5ecb0710b4f159f36008066cff9fbc26355e175fd0852e2ab7cd5c3fb53b80",
      "new-base@0.4.0/src/Char.mo": "03f619d01d66d85bde34c69a36bf3f38f7c40b45ab42cc2fcf61dbb02dd10466",
      "new-base@0.4.0/src/Cycles.mo": "c70d6c5ab33ef3f8a8c399964b63d10c27e86fc2639c73ed33bf93b82a407233",
      "new-base@0.4.0/src/Debug.mo": "24c76037557fbc788bbc957c2f700b5dfe138ff5b078dfc3c40a521cc67e0d05",
      "new-base@0.4.0/src/Error.mo": "b64274e5a5dcfbf74a55ef8c2b969ff4cdd856656849ec2eb5b964c3d1ad1bf5",
      "new-base@0.4.0/src/Float.mo": "e8bd28771bae5e90e1630e31e4a3da603728fc4c6bca5300e481f3a8bcebda5a",
      "new-base@0.4.0/src/Func.mo": "bea8bcb92707a255814e0a7d79c238e490860c38001438612948704027f05bec",
      "new-base@0.4.0/src/Int.mo": "a36ce462cc60b4cdb6eab61d4795b3e8ca8467817650ad01a70507d9bf771ec8",
      "new-base@0.4.0/src/Int16.mo": "366bedafdbee2fb5e822d62b5d2af3d0c007a0841a54e567cc6c4ae71bb0070a",
      "new-base@0.4.0/src/Int32.mo": "9ccd1fee9aecf68371b28083ad726b1d6b61190e04d9b69aa91fad8a94aced46",
      "new-base@0.4.0/src/Int64.mo": "fef521b5dbc39646bb483885105c89b05c0db8480ccd64a05a9082d592a1f38d",
      "new-base@0.4.0/src/Int8.mo": "e43e2bde4921931d38344aba1b2c678b6e4c4a10f80fe2c747f06bd4850157df",
      "new-base@0.4.0/src/InternetComputer.mo": "a2b646d27e4f290eb5e2591fa9b1b28cfbc0e7e4f07fc515c20b1f8255543db5",
      "new-base@0.4.0/src/Iter.mo": "fb070fea4a7fee5589ba492bb85fe0de0d6da78e603bb9117e3a3d4adb19168e",
      "new-base@0.4.0/src/List.mo": "e00d53dd165e58f17f761fa7b23ef0e8ba7a539e54d6f04e379cdeb3f258217d",
      "new-base@0.4.0/src/Map.mo": "763d6e6c491df71905e6d0e2c99ccbe45ba94c58159b0053badb4890fb9b96a7",
      "new-base@0.4.0/src/Nat.mo": "ede39ee479d4927bb319c3dfe0091ab6afc499cfecd89558c137efb6c0d01b83",
      "new-base@0.4.0/src/Nat16.mo": "ac49412ba26274dc7c95a0c9259c0a5bc4b0540e1f7b88822706fb860e8c1de4",
      "new-base@0.4.0/src/Nat32.mo": "829acde3b3e0b33e652d711e1397bc69c5e0c84cf87ba6bfe3824e322a04fcbc",
      "new-base@0.4.0/src/Nat64.mo": "964debb6cd3b4090783c09deac1cf2f1f5ecc7bef5a4b63a23c7b5c085975394",
      "new-base@0.4.0/src/Nat8.mo": "b76375803e98fe82f14bc111643d2bbef0e785a303b77152c751b97c0be7b40f",
      "new-base@0.4.0/src/Option.mo": "42d2685a2b01b27f6381323aaf0480eb281ef5281284489b8c28ab33e7ef355d",
      "new-base@0.4.0/src/Order.mo": "ebc93dd27cee7befd6e41794fb220f079dfb017145a76d77a225b2fcb3bbfd9e",
      "new-base@0.4.0/src/Principal.mo": "90d1a0c4b7f595b1619de902d8ba25c3670878c7b0aad351ec00d0dacdf59c59",
      "new-base@0.4.0/src/Queue.mo": "a76a153153b932eeacdf771984f940867de296d8b3921b485315d6f5bd7f1aac",
      "new-base@0.4.0/src/Random.mo": "ad98ddd1ef0f5879d4a01e197621a19869e542c28409de47b84c9dee96b3cfd3",
      "new-base@0.4.0/src/Region.mo": "55fad8715849b4a0df5ec9af796eebe4609b1ebe03ef8bd2311bfd11cce69db6",
      "new-base@0.4.0/src/Result.mo": "e65b3f7ee92d14a4c0cc51b2abebabf9276ecb552746109d15db7ea54b3b5d05",
      "new-base@0.4.0/src/Runtime.mo": "4dd9b3d0d4190907795acee9b034f4a560e87326a11a97ad8728988bf6a9b2ba",
      "new-base@0.4.0/src/Set.mo": "f3540cdfb9b850a84bd46478641e6cc646d92e4eca2220e311ff79bf7862c6c3",
      "new-base@0.4.0/src/Stack.mo": "366f0c38984a4975c34d7dfc0f40a131aadf91843870d2df1b116d331518862f",
      "new-base@0.4.0/src/Text.mo": "1732f9d846decd01de2c7260289aa4e5a85f714613b09abe93a5c631534144ce",
      "new-base@0.4.0/src/Time.mo": "23a32652e5b58bd4655bed20a3eba8585c2f91e96e1ca2cd7927859383ee335e",
      "new-base@0.4.0/src/Timer.mo": "8f5df7aab5202e94a5cc2cc013d4798410da4a032aaab8f67f4f84fc22e2ff79",
      "new-base@0.4.0/src/Tuples.mo": "5ec63003cc9917559c30c2810cb0023dfe8963344d03d8a4589bd6e69ee99eee",
      "new-base@0.4.0/src/Types.mo": "05d93ce3e643d08bb76d7ea5d7b597e3d3de65b7b4fce59f06ed281fd3c8c046",
      "new-base@0.4.0/src/VarArray.mo": "7e6b5fc9f2c19d9c1d3be95e6f30084895587e0613fd45c7d35b05cbeb92a77b",
      "new-base@0.4.0/src/internal/BTreeHelper.mo": "20a475baf18f924ee0297fc234469fa0985cdaa31c85ce002b5a921383b0534d",
      "new-base@0.4.0/src/internal/PRNG.mo": "2c2900e18532042ff1d17e0d40673c22f138a7b15f9b0010daa55d5560aaa8a8",
      "new-base@0.4.0/src/pure/List.mo": "28a50ffad0efe381342331aae7b1b8841925f7e378387d33150dd28592c6b3ba",
      "new-base@0.4.0/src/pure/Map.mo": "fd8344c57c69ade2604516280a680b9d45a75eea05e983f9a856e09dcb430fa1",
      "new-base@0.4.0/src/pure/Queue.mo": "a55bd5d2288b1545d88a8f57d396d4d97c96bf3e9b4663c05f2b60bb6a649595",
      "new-base@0.4.0/src/pure/Set.mo": "59a7d2fac36d366bfed4f3233a506fc78155abf55db84cd9c2bdeeda362610e4"
    },
    "promtracker@0.6.0": {
      "promtracker@0.6.0/LICENSE": "c71d239df91726fc519c6eb72d318ec65820627232b2f796219e87dcf35d0ab4",
      "promtracker@0.6.0/NOTICE": "71e037856ba594c2b26f5d97a1f77a907ab2013af8cbb124857ca8b53022f83f",
      "promtracker@0.6.0/README.md": "6478121f99592613ce6b83cdab2de275e98b0c7287673ffbc6c2ab736501d598",
      "promtracker@0.6.0/examples/example.mo": "bd97ae107edb8f9ec02f6f3eef8ca58c61f54e71358180fd18cd7f5fd0dab988",
      "promtracker@0.6.0/examples/tiny_http.mo": "7c3e4c68fb97f34502e311e348c7203b1960d68d689ef0261a8a998f6c48b005",
      "promtracker@0.6.0/mops.toml": "0579eb08efeb7400f9972224a91b01a3408c2dc6d6367b5f67736741027ca807",
      "promtracker@0.6.0/src/lib.mo": "7dd74ecec8f32f898f34f13020a25fc5b65814bd3699ccf9427a90e11acef89f",
      "promtracker@0.6.0/src/testable.mo": "fdf29c485f56f2c9a0478dc03833ea26edda9f838445b6260d429560554827bc"
    }
  }
}